
Microsoft Visual Studio Solution File, Format Version 12.00
# Visual Studio 2013
VisualStudioVersion = 12.0.40629.0
MinimumVisualStudioVersion = 10.0.40219.1
Project("{FAE04EC0-301F-11D3-BF4B-00C04F79EFBC}") = "Assembly-CSharp", "Assembly-CSharp.csproj", "{B6126232-1AE1-E299-16BC-38990114EE0D}"
EndProject
Project("{FAE04EC0-301F-11D3-BF4B-00C04F79EFBC}") = "Assembly-CSharp-Editor", "Assembly-CSharp-Editor.csproj", "{FAB83A1E-7FB0-D476-CC6F-A0C42D500258}"
EndProject
Global
	GlobalSection(SolutionConfigurationPlatforms) = preSolution
		Debug|Any CPU = Debug|Any CPU
		Release|Any CPU = Release|Any CPU
	EndGlobalSection
	GlobalSection(ProjectConfigurationPlatforms) = postSolution
		{B6126232-1AE1-E299-16BC-38990114EE0D}.Debug|Any CPU.ActiveCfg = Debug|Any CPU
		{B6126232-1AE1-E299-16BC-38990114EE0D}.Debug|Any CPU.Build.0 = Debug|Any CPU
		{B6126232-1AE1-E299-16BC-38990114EE0D}.Release|Any CPU.ActiveCfg = Release|Any CPU
		{B6126232-1AE1-E299-16BC-38990114EE0D}.Release|Any CPU.Build.0 = Release|Any CPU
		{FAB83A1E-7FB0-D476-CC6F-A0C42D500258}.Debug|Any CPU.ActiveCfg = Debug|Any CPU
		{FAB83A1E-7FB0-D476-CC6F-A0C42D500258}.Debug|Any CPU.Build.0 = Debug|Any CPU
		{FAB83A1E-7FB0-D476-CC6F-A0C42D500258}.Release|Any CPU.ActiveCfg = Release|Any CPU
		{FAB83A1E-7FB0-D476-CC6F-A0C42D500258}.Release|Any CPU.Build.0 = Release|Any CPU
	EndGlobalSection
	GlobalSection(SolutionProperties) = preSolution
		HideSolutionNode = FALSE
	EndGlobalSection
	GlobalSection(MonoDevelopProperties) = preSolution
		StartupItem = Assembly-CSharp.csproj
	EndGlobalSection
EndGlobal
