
Microsoft Visual Studio Solution File, Format Version 11.00
# Visual Studio 2010
Project("{FAE04EC0-301F-11D3-BF4B-00C04F79EFBC}") = "UnityGCS-SARWAI", "Assembly-CSharp.csproj", "{BAE07EC3-5E4E-5270-9587-F7831F0FFF1A}"
EndProject
Project("{FAE04EC0-301F-11D3-BF4B-00C04F79EFBC}") = "UnityGCS-SARWAI", "Assembly-CSharp-firstpass.csproj", "{29AE5B68-F467-7B58-51C0-633098FE8D7F}"
EndProject
Project("{FAE04EC0-301F-11D3-BF4B-00C04F79EFBC}") = "UnityGCS-SARWAI", "Assembly-CSharp-Editor-firstpass.csproj", "{8488EEAA-C88A-6592-4893-C44C91FCC37A}"
EndProject
Project("{FAE04EC0-301F-11D3-BF4B-00C04F79EFBC}") = "UnityGCS-SARWAI", "Assembly-CSharp-Editor.csproj", "{05040586-957C-212D-87F1-40C221352FE1}"
EndProject
Global
	GlobalSection(SolutionConfigurationPlatforms) = preSolution
		Debug|Any CPU = Debug|Any CPU
		Release|Any CPU = Release|Any CPU
	EndGlobalSection
	GlobalSection(ProjectConfigurationPlatforms) = postSolution
		{BAE07EC3-5E4E-5270-9587-F7831F0FFF1A}.Debug|Any CPU.ActiveCfg = Debug|Any CPU
		{BAE07EC3-5E4E-5270-9587-F7831F0FFF1A}.Debug|Any CPU.Build.0 = Debug|Any CPU
		{BAE07EC3-5E4E-5270-9587-F7831F0FFF1A}.Release|Any CPU.ActiveCfg = Release|Any CPU
		{BAE07EC3-5E4E-5270-9587-F7831F0FFF1A}.Release|Any CPU.Build.0 = Release|Any CPU
		{29AE5B68-F467-7B58-51C0-633098FE8D7F}.Debug|Any CPU.ActiveCfg = Debug|Any CPU
		{29AE5B68-F467-7B58-51C0-633098FE8D7F}.Debug|Any CPU.Build.0 = Debug|Any CPU
		{29AE5B68-F467-7B58-51C0-633098FE8D7F}.Release|Any CPU.ActiveCfg = Release|Any CPU
		{29AE5B68-F467-7B58-51C0-633098FE8D7F}.Release|Any CPU.Build.0 = Release|Any CPU
		{8488EEAA-C88A-6592-4893-C44C91FCC37A}.Debug|Any CPU.ActiveCfg = Debug|Any CPU
		{8488EEAA-C88A-6592-4893-C44C91FCC37A}.Debug|Any CPU.Build.0 = Debug|Any CPU
		{8488EEAA-C88A-6592-4893-C44C91FCC37A}.Release|Any CPU.ActiveCfg = Release|Any CPU
		{8488EEAA-C88A-6592-4893-C44C91FCC37A}.Release|Any CPU.Build.0 = Release|Any CPU
		{05040586-957C-212D-87F1-40C221352FE1}.Debug|Any CPU.ActiveCfg = Debug|Any CPU
		{05040586-957C-212D-87F1-40C221352FE1}.Debug|Any CPU.Build.0 = Debug|Any CPU
		{05040586-957C-212D-87F1-40C221352FE1}.Release|Any CPU.ActiveCfg = Release|Any CPU
		{05040586-957C-212D-87F1-40C221352FE1}.Release|Any CPU.Build.0 = Release|Any CPU
	EndGlobalSection
	GlobalSection(SolutionProperties) = preSolution
		HideSolutionNode = FALSE
	EndGlobalSection
	GlobalSection(MonoDevelopProperties) = preSolution
		StartupItem = Assembly-CSharp.csproj
	EndGlobalSection
EndGlobal
